
Microsoft Visual Studio Solution File, Format Version 12.00
# Visual Studio Version 17
VisualStudioVersion = 17.11.35222.181
MinimumVisualStudioVersion = 10.0.40219.1
Project("{9A19103F-16F7-4668-BE54-9A1E7A4F7556}") = "SAOnlineMart.MVC", "SAOnlineMart\SAOnlineMart.MVC.csproj", "{65BFD050-6434-4136-A9DE-C108C4F077FC}"
EndProject
Project("{FAE04EC0-301F-11D3-BF4B-00C04F79EFBC}") = "SAOnlineMart.API", "SAOnlineMart.API\SAOnlineMart.API.csproj", "{3EF45BFB-840D-40CC-817D-8C7B9687045E}"
EndProject
Global
	GlobalSection(SolutionConfigurationPlatforms) = preSolution
		Debug|Any CPU = Debug|Any CPU
		Release|Any CPU = Release|Any CPU
	EndGlobalSection
	GlobalSection(ProjectConfigurationPlatforms) = postSolution
		{65BFD050-6434-4136-A9DE-C108C4F077FC}.Debug|Any CPU.ActiveCfg = Debug|Any CPU
		{65BFD050-6434-4136-A9DE-C108C4F077FC}.Debug|Any CPU.Build.0 = Debug|Any CPU
		{65BFD050-6434-4136-A9DE-C108C4F077FC}.Release|Any CPU.ActiveCfg = Release|Any CPU
		{65BFD050-6434-4136-A9DE-C108C4F077FC}.Release|Any CPU.Build.0 = Release|Any CPU
		{3EF45BFB-840D-40CC-817D-8C7B9687045E}.Debug|Any CPU.ActiveCfg = Debug|Any CPU
		{3EF45BFB-840D-40CC-817D-8C7B9687045E}.Debug|Any CPU.Build.0 = Debug|Any CPU
		{3EF45BFB-840D-40CC-817D-8C7B9687045E}.Release|Any CPU.ActiveCfg = Release|Any CPU
		{3EF45BFB-840D-40CC-817D-8C7B9687045E}.Release|Any CPU.Build.0 = Release|Any CPU
	EndGlobalSection
	GlobalSection(SolutionProperties) = preSolution
		HideSolutionNode = FALSE
	EndGlobalSection
	GlobalSection(ExtensibilityGlobals) = postSolution
		SolutionGuid = {AFB44C18-EAE7-4C39-8CBA-5964FC05FA4D}
	EndGlobalSection
EndGlobal
